
Microsoft Visual Studio Solution File, Format Version 12.00
# Visual Studio 15
Project("{FAE04EC0-301F-11D3-BF4B-00C04F79EFBC}") = "DarkMode.Android", "DarkMode.Android\DarkMode.Android.csproj", "{0B4FFE36-AD80-4B10-B089-AB4E26CC8F1F}"
EndProject
Project("{FAE04EC0-301F-11D3-BF4B-00C04F79EFBC}") = "DarkMode.iOS", "DarkMode.iOS\DarkMode.iOS.csproj", "{1A1414A0-6774-45BD-826A-B1A7D81A3D0D}"
EndProject
Project("{FAE04EC0-301F-11D3-BF4B-00C04F79EFBC}") = "DarkMode", "DarkMode\DarkMode.csproj", "{8FD09F17-5B0B-4E22-AA65-B9404695999F}"
EndProject
Global
	GlobalSection(SolutionConfigurationPlatforms) = preSolution
		Debug|Any CPU = Debug|Any CPU
		Release|Any CPU = Release|Any CPU
		Debug|iPhoneSimulator = Debug|iPhoneSimulator
		Release|iPhoneSimulator = Release|iPhoneSimulator
		Debug|iPhone = Debug|iPhone
		Release|iPhone = Release|iPhone
	EndGlobalSection
	GlobalSection(ProjectConfigurationPlatforms) = postSolution
		{0B4FFE36-AD80-4B10-B089-AB4E26CC8F1F}.Debug|Any CPU.ActiveCfg = Debug|Any CPU
		{0B4FFE36-AD80-4B10-B089-AB4E26CC8F1F}.Debug|Any CPU.Build.0 = Debug|Any CPU
		{0B4FFE36-AD80-4B10-B089-AB4E26CC8F1F}.Release|Any CPU.ActiveCfg = Release|Any CPU
		{0B4FFE36-AD80-4B10-B089-AB4E26CC8F1F}.Release|Any CPU.Build.0 = Release|Any CPU
		{0B4FFE36-AD80-4B10-B089-AB4E26CC8F1F}.Debug|iPhoneSimulator.ActiveCfg = Debug|Any CPU
		{0B4FFE36-AD80-4B10-B089-AB4E26CC8F1F}.Debug|iPhoneSimulator.Build.0 = Debug|Any CPU
		{0B4FFE36-AD80-4B10-B089-AB4E26CC8F1F}.Release|iPhoneSimulator.ActiveCfg = Release|Any CPU
		{0B4FFE36-AD80-4B10-B089-AB4E26CC8F1F}.Release|iPhoneSimulator.Build.0 = Release|Any CPU
		{0B4FFE36-AD80-4B10-B089-AB4E26CC8F1F}.Debug|iPhone.ActiveCfg = Debug|Any CPU
		{0B4FFE36-AD80-4B10-B089-AB4E26CC8F1F}.Debug|iPhone.Build.0 = Debug|Any CPU
		{0B4FFE36-AD80-4B10-B089-AB4E26CC8F1F}.Release|iPhone.ActiveCfg = Release|Any CPU
		{0B4FFE36-AD80-4B10-B089-AB4E26CC8F1F}.Release|iPhone.Build.0 = Release|Any CPU
		{1A1414A0-6774-45BD-826A-B1A7D81A3D0D}.Debug|Any CPU.ActiveCfg = Debug|iPhoneSimulator
		{1A1414A0-6774-45BD-826A-B1A7D81A3D0D}.Debug|Any CPU.Build.0 = Debug|iPhoneSimulator
		{1A1414A0-6774-45BD-826A-B1A7D81A3D0D}.Release|Any CPU.ActiveCfg = Release|iPhoneSimulator
		{1A1414A0-6774-45BD-826A-B1A7D81A3D0D}.Release|Any CPU.Build.0 = Release|iPhoneSimulator
		{1A1414A0-6774-45BD-826A-B1A7D81A3D0D}.Debug|iPhoneSimulator.ActiveCfg = Debug|iPhoneSimulator
		{1A1414A0-6774-45BD-826A-B1A7D81A3D0D}.Debug|iPhoneSimulator.Build.0 = Debug|iPhoneSimulator
		{1A1414A0-6774-45BD-826A-B1A7D81A3D0D}.Release|iPhoneSimulator.ActiveCfg = Release|iPhoneSimulator
		{1A1414A0-6774-45BD-826A-B1A7D81A3D0D}.Release|iPhoneSimulator.Build.0 = Release|iPhoneSimulator
		{1A1414A0-6774-45BD-826A-B1A7D81A3D0D}.Debug|iPhone.ActiveCfg = Debug|iPhone
		{1A1414A0-6774-45BD-826A-B1A7D81A3D0D}.Debug|iPhone.Build.0 = Debug|iPhone
		{1A1414A0-6774-45BD-826A-B1A7D81A3D0D}.Release|iPhone.ActiveCfg = Release|iPhone
		{1A1414A0-6774-45BD-826A-B1A7D81A3D0D}.Release|iPhone.Build.0 = Release|iPhone
		{8FD09F17-5B0B-4E22-AA65-B9404695999F}.Debug|Any CPU.ActiveCfg = Debug|Any CPU
		{8FD09F17-5B0B-4E22-AA65-B9404695999F}.Debug|Any CPU.Build.0 = Debug|Any CPU
		{8FD09F17-5B0B-4E22-AA65-B9404695999F}.Release|Any CPU.ActiveCfg = Release|Any CPU
		{8FD09F17-5B0B-4E22-AA65-B9404695999F}.Release|Any CPU.Build.0 = Release|Any CPU
		{8FD09F17-5B0B-4E22-AA65-B9404695999F}.Debug|iPhoneSimulator.ActiveCfg = Debug|Any CPU
		{8FD09F17-5B0B-4E22-AA65-B9404695999F}.Debug|iPhoneSimulator.Build.0 = Debug|Any CPU
		{8FD09F17-5B0B-4E22-AA65-B9404695999F}.Release|iPhoneSimulator.ActiveCfg = Release|Any CPU
		{8FD09F17-5B0B-4E22-AA65-B9404695999F}.Release|iPhoneSimulator.Build.0 = Release|Any CPU
		{8FD09F17-5B0B-4E22-AA65-B9404695999F}.Debug|iPhone.ActiveCfg = Debug|Any CPU
		{8FD09F17-5B0B-4E22-AA65-B9404695999F}.Debug|iPhone.Build.0 = Debug|Any CPU
		{8FD09F17-5B0B-4E22-AA65-B9404695999F}.Release|iPhone.ActiveCfg = Release|Any CPU
		{8FD09F17-5B0B-4E22-AA65-B9404695999F}.Release|iPhone.Build.0 = Release|Any CPU
	EndGlobalSection
EndGlobal
